
Microsoft Visual Studio Solution File, Format Version 12.00
Project("{FAE04EC0-301F-11D3-BF4B-00C04F79EFBC}") = "CSH", "CSH\CSH.csproj", "{4463FDAF-7D84-4BC7-9636-78787D7D0198}"
EndProject
Project("{2150E333-8FDC-42A3-9474-1A3956D46DE8}") = "Csh", "Csh", "{C6DF6B92-BD97-4C43-B03C-8B71F8EC1015}"
EndProject
Project("{FAE04EC0-301F-11D3-BF4B-00C04F79EFBC}") = "Slice", "Slice\Slice.csproj", "{2EA9D64A-94F6-4B99-BE14-5517002E22F0}"
EndProject
Project("{FAE04EC0-301F-11D3-BF4B-00C04F79EFBC}") = "Slime", "Slime\Slime.csproj", "{70DBD934-01BF-48FB-A792-F5B1A10533E4}"
EndProject
Project("{FAE04EC0-301F-11D3-BF4B-00C04F79EFBC}") = "Group", "Group\Group.csproj", "{DF380F48-DAE4-45B9-9A38-664D2DF0BD66}"
EndProject
Project("{FAE04EC0-301F-11D3-BF4B-00C04F79EFBC}") = "China", "China\China.csproj", "{024C5827-D1AE-4829-A5C2-FF9D1DF4EEA5}"
EndProject
Project("{FAE04EC0-301F-11D3-BF4B-00C04F79EFBC}") = "MinMax", "MinMax\MinMax.csproj", "{C71F7408-EAF3-44AB-B333-D570BA2F947F}"
EndProject
Project("{FAE04EC0-301F-11D3-BF4B-00C04F79EFBC}") = "Decoding", "Decoding\Decoding.csproj", "{798E9955-7555-490F-BE2C-10403678DDB5}"
EndProject
Project("{FAE04EC0-301F-11D3-BF4B-00C04F79EFBC}") = "MachineProg", "MachineProg\MachineProg.csproj", "{346BC4BA-FD10-4C78-9039-D0103A06A3B1}"
EndProject
Project("{FAE04EC0-301F-11D3-BF4B-00C04F79EFBC}") = "Line", "Line\Line.csproj", "{0A33FE74-BF39-4B5D-B9AA-B0591A3848BA}"
EndProject
Project("{FAE04EC0-301F-11D3-BF4B-00C04F79EFBC}") = "Point", "Point\Point.csproj", "{12DE8E10-7616-47C8-9BC3-BBF8DE62A95D}"
EndProject
Project("{FAE04EC0-301F-11D3-BF4B-00C04F79EFBC}") = "kilometr", "kilometr\kilometr.csproj", "{C75A3856-683F-48D5-85CF-D706EEC61490}"
EndProject
Project("{FAE04EC0-301F-11D3-BF4B-00C04F79EFBC}") = "DotInSquere", "DotInSquere\DotInSquere.csproj", "{BE4A518C-6986-4D7C-955F-0C973A2B7277}"
EndProject
Project("{FAE04EC0-301F-11D3-BF4B-00C04F79EFBC}") = "FaceSquere", "FaceSquere\FaceSquere.csproj", "{A489BBF0-B594-482C-915D-AA4A1D602A80}"
EndProject
Project("{FAE04EC0-301F-11D3-BF4B-00C04F79EFBC}") = "Distance2", "Distance2\Distance2.csproj", "{D6D742B0-3AD9-438C-A6E9-DC743F6FBFE9}"
EndProject
Project("{FAE04EC0-301F-11D3-BF4B-00C04F79EFBC}") = "WideSquere", "WideSquere\WideSquere.csproj", "{9ACF1CA2-C013-4C48-B915-7A96128AC38E}"
EndProject
Project("{FAE04EC0-301F-11D3-BF4B-00C04F79EFBC}") = "Angle", "Angle\Angle.csproj", "{79E0EF53-90F5-451C-94DC-4C169288D228}"
EndProject
Project("{FAE04EC0-301F-11D3-BF4B-00C04F79EFBC}") = "Polar", "Polar\Polar.csproj", "{E1C763C6-DDD6-40B3-BCBD-9CA6B67CADD7}"
EndProject
Project("{FAE04EC0-301F-11D3-BF4B-00C04F79EFBC}") = "OutDot", "OutDot\OutDot.csproj", "{8B813038-C5A0-403E-86ED-D5E0F7C78219}"
EndProject
Project("{FAE04EC0-301F-11D3-BF4B-00C04F79EFBC}") = "Distance3", "Distance3\Distance3.csproj", "{6B5412ED-978B-438C-BB53-E027B15C3155}"
EndProject
Project("{FAE04EC0-301F-11D3-BF4B-00C04F79EFBC}") = "Villa", "Villa\Villa.csproj", "{652CB8ED-84AA-4C1B-9460-FF163A0C9FC6}"
EndProject
Project("{FAE04EC0-301F-11D3-BF4B-00C04F79EFBC}") = "Speak", "Speak\Speak.csproj", "{3F22A679-4971-4FBD-8998-1D8BFABF1307}"
EndProject
Project("{FAE04EC0-301F-11D3-BF4B-00C04F79EFBC}") = "Park", "Park\Park.csproj", "{BDD78D51-BCBA-4CD0-B91E-DD90B8703CA4}"
EndProject
Project("{FAE04EC0-301F-11D3-BF4B-00C04F79EFBC}") = "Burger", "Burger\Burger.csproj", "{6EE528C0-83D7-402B-9E52-15ADA09ADA7A}"
EndProject
Project("{FAE04EC0-301F-11D3-BF4B-00C04F79EFBC}") = "Froppy", "Froppy\Froppy.csproj", "{43CF5676-1618-4327-BDB5-E6264ED1721D}"
EndProject
Project("{FAE04EC0-301F-11D3-BF4B-00C04F79EFBC}") = "Restaurant", "Restaurant\Restaurant.csproj", "{10780589-A5A5-4771-8247-946B2607A50A}"
EndProject
Project("{FAE04EC0-301F-11D3-BF4B-00C04F79EFBC}") = "Bag", "Bag\Bag.csproj", "{DDDF1305-A498-4175-8225-88C8EC7D9B90}"
EndProject
Project("{FAE04EC0-301F-11D3-BF4B-00C04F79EFBC}") = "Chess", "Chess\Chess.csproj", "{EBF9C3E6-2FDF-4D67-A5DE-C1F7090A0865}"
EndProject
Project("{FAE04EC0-301F-11D3-BF4B-00C04F79EFBC}") = "Robot", "Robot\Robot.csproj", "{E010D2CF-196B-4860-8203-56EC4CDA8CA3}"
EndProject
Project("{FAE04EC0-301F-11D3-BF4B-00C04F79EFBC}") = "String", "String\String.csproj", "{EF856C51-F399-48F6-88E4-826CD1CCF5AF}"
EndProject
Project("{FAE04EC0-301F-11D3-BF4B-00C04F79EFBC}") = "Polindrom", "Polindrom\Polindrom.csproj", "{D2FE8663-58DE-4B20-92D0-951CD77419C8}"
EndProject
Project("{FAE04EC0-301F-11D3-BF4B-00C04F79EFBC}") = "PerimetrSquere", "PerimetrSquere\PerimetrSquere.csproj", "{866A13C3-B560-4A8D-BB30-CC66B33895B6}"
EndProject
Project("{FAE04EC0-301F-11D3-BF4B-00C04F79EFBC}") = "Igogo", "Igogo\Igogo.csproj", "{A018E5A3-DEB3-4EE2-A934-4B5D16C12F24}"
EndProject
Project("{FAE04EC0-301F-11D3-BF4B-00C04F79EFBC}") = "Walk", "Walk\Walk.csproj", "{49686D23-E404-4408-91FC-26FF1FB92AAC}"
EndProject
Project("{FAE04EC0-301F-11D3-BF4B-00C04F79EFBC}") = "SkyScaper", "SkyScaper\SkyScaper.csproj", "{96356315-1A6E-489C-9C34-82BDFB3AA5EA}"
EndProject
Project("{FAE04EC0-301F-11D3-BF4B-00C04F79EFBC}") = "ChipDay", "ChipDay\ChipDay.csproj", "{11F892E4-4F8F-4751-88E0-E6849BB89D3A}"
EndProject
Project("{FAE04EC0-301F-11D3-BF4B-00C04F79EFBC}") = "Names", "Names\Names.csproj", "{6FDCA632-71F6-4CDC-A3AA-5EE722473B13}"
EndProject
Project("{FAE04EC0-301F-11D3-BF4B-00C04F79EFBC}") = "Harry", "Harry\Harry.csproj", "{DF89197E-3001-4DFB-B575-8B7097EF2D69}"
EndProject
Project("{FAE04EC0-301F-11D3-BF4B-00C04F79EFBC}") = "Poly", "Poly\Poly.csproj", "{B37E5953-527D-4779-80CC-1E426BE59422}"
EndProject
Global
	GlobalSection(SolutionConfigurationPlatforms) = preSolution
		Debug|Any CPU = Debug|Any CPU
		Release|Any CPU = Release|Any CPU
	EndGlobalSection
	GlobalSection(ProjectConfigurationPlatforms) = postSolution
		{4463FDAF-7D84-4BC7-9636-78787D7D0198}.Debug|Any CPU.ActiveCfg = Debug|Any CPU
		{4463FDAF-7D84-4BC7-9636-78787D7D0198}.Debug|Any CPU.Build.0 = Debug|Any CPU
		{4463FDAF-7D84-4BC7-9636-78787D7D0198}.Release|Any CPU.ActiveCfg = Release|Any CPU
		{4463FDAF-7D84-4BC7-9636-78787D7D0198}.Release|Any CPU.Build.0 = Release|Any CPU
		{2EA9D64A-94F6-4B99-BE14-5517002E22F0}.Debug|Any CPU.ActiveCfg = Debug|Any CPU
		{2EA9D64A-94F6-4B99-BE14-5517002E22F0}.Debug|Any CPU.Build.0 = Debug|Any CPU
		{2EA9D64A-94F6-4B99-BE14-5517002E22F0}.Release|Any CPU.ActiveCfg = Release|Any CPU
		{2EA9D64A-94F6-4B99-BE14-5517002E22F0}.Release|Any CPU.Build.0 = Release|Any CPU
		{70DBD934-01BF-48FB-A792-F5B1A10533E4}.Debug|Any CPU.ActiveCfg = Debug|Any CPU
		{70DBD934-01BF-48FB-A792-F5B1A10533E4}.Debug|Any CPU.Build.0 = Debug|Any CPU
		{70DBD934-01BF-48FB-A792-F5B1A10533E4}.Release|Any CPU.ActiveCfg = Release|Any CPU
		{70DBD934-01BF-48FB-A792-F5B1A10533E4}.Release|Any CPU.Build.0 = Release|Any CPU
		{DF380F48-DAE4-45B9-9A38-664D2DF0BD66}.Debug|Any CPU.ActiveCfg = Debug|Any CPU
		{DF380F48-DAE4-45B9-9A38-664D2DF0BD66}.Debug|Any CPU.Build.0 = Debug|Any CPU
		{DF380F48-DAE4-45B9-9A38-664D2DF0BD66}.Release|Any CPU.ActiveCfg = Release|Any CPU
		{DF380F48-DAE4-45B9-9A38-664D2DF0BD66}.Release|Any CPU.Build.0 = Release|Any CPU
		{024C5827-D1AE-4829-A5C2-FF9D1DF4EEA5}.Debug|Any CPU.ActiveCfg = Debug|Any CPU
		{024C5827-D1AE-4829-A5C2-FF9D1DF4EEA5}.Debug|Any CPU.Build.0 = Debug|Any CPU
		{024C5827-D1AE-4829-A5C2-FF9D1DF4EEA5}.Release|Any CPU.ActiveCfg = Release|Any CPU
		{024C5827-D1AE-4829-A5C2-FF9D1DF4EEA5}.Release|Any CPU.Build.0 = Release|Any CPU
		{C71F7408-EAF3-44AB-B333-D570BA2F947F}.Debug|Any CPU.ActiveCfg = Debug|Any CPU
		{C71F7408-EAF3-44AB-B333-D570BA2F947F}.Debug|Any CPU.Build.0 = Debug|Any CPU
		{C71F7408-EAF3-44AB-B333-D570BA2F947F}.Release|Any CPU.ActiveCfg = Release|Any CPU
		{C71F7408-EAF3-44AB-B333-D570BA2F947F}.Release|Any CPU.Build.0 = Release|Any CPU
		{798E9955-7555-490F-BE2C-10403678DDB5}.Debug|Any CPU.ActiveCfg = Debug|Any CPU
		{798E9955-7555-490F-BE2C-10403678DDB5}.Debug|Any CPU.Build.0 = Debug|Any CPU
		{798E9955-7555-490F-BE2C-10403678DDB5}.Release|Any CPU.ActiveCfg = Release|Any CPU
		{798E9955-7555-490F-BE2C-10403678DDB5}.Release|Any CPU.Build.0 = Release|Any CPU
		{346BC4BA-FD10-4C78-9039-D0103A06A3B1}.Debug|Any CPU.ActiveCfg = Debug|Any CPU
		{346BC4BA-FD10-4C78-9039-D0103A06A3B1}.Debug|Any CPU.Build.0 = Debug|Any CPU
		{346BC4BA-FD10-4C78-9039-D0103A06A3B1}.Release|Any CPU.ActiveCfg = Release|Any CPU
		{346BC4BA-FD10-4C78-9039-D0103A06A3B1}.Release|Any CPU.Build.0 = Release|Any CPU
		{0A33FE74-BF39-4B5D-B9AA-B0591A3848BA}.Debug|Any CPU.ActiveCfg = Debug|Any CPU
		{0A33FE74-BF39-4B5D-B9AA-B0591A3848BA}.Debug|Any CPU.Build.0 = Debug|Any CPU
		{0A33FE74-BF39-4B5D-B9AA-B0591A3848BA}.Release|Any CPU.ActiveCfg = Release|Any CPU
		{0A33FE74-BF39-4B5D-B9AA-B0591A3848BA}.Release|Any CPU.Build.0 = Release|Any CPU
		{12DE8E10-7616-47C8-9BC3-BBF8DE62A95D}.Debug|Any CPU.ActiveCfg = Debug|Any CPU
		{12DE8E10-7616-47C8-9BC3-BBF8DE62A95D}.Debug|Any CPU.Build.0 = Debug|Any CPU
		{12DE8E10-7616-47C8-9BC3-BBF8DE62A95D}.Release|Any CPU.ActiveCfg = Release|Any CPU
		{12DE8E10-7616-47C8-9BC3-BBF8DE62A95D}.Release|Any CPU.Build.0 = Release|Any CPU
		{C75A3856-683F-48D5-85CF-D706EEC61490}.Debug|Any CPU.ActiveCfg = Debug|Any CPU
		{C75A3856-683F-48D5-85CF-D706EEC61490}.Debug|Any CPU.Build.0 = Debug|Any CPU
		{C75A3856-683F-48D5-85CF-D706EEC61490}.Release|Any CPU.ActiveCfg = Release|Any CPU
		{C75A3856-683F-48D5-85CF-D706EEC61490}.Release|Any CPU.Build.0 = Release|Any CPU
		{BE4A518C-6986-4D7C-955F-0C973A2B7277}.Debug|Any CPU.ActiveCfg = Debug|Any CPU
		{BE4A518C-6986-4D7C-955F-0C973A2B7277}.Debug|Any CPU.Build.0 = Debug|Any CPU
		{BE4A518C-6986-4D7C-955F-0C973A2B7277}.Release|Any CPU.ActiveCfg = Release|Any CPU
		{BE4A518C-6986-4D7C-955F-0C973A2B7277}.Release|Any CPU.Build.0 = Release|Any CPU
		{A489BBF0-B594-482C-915D-AA4A1D602A80}.Debug|Any CPU.ActiveCfg = Debug|Any CPU
		{A489BBF0-B594-482C-915D-AA4A1D602A80}.Debug|Any CPU.Build.0 = Debug|Any CPU
		{A489BBF0-B594-482C-915D-AA4A1D602A80}.Release|Any CPU.ActiveCfg = Release|Any CPU
		{A489BBF0-B594-482C-915D-AA4A1D602A80}.Release|Any CPU.Build.0 = Release|Any CPU
		{D6D742B0-3AD9-438C-A6E9-DC743F6FBFE9}.Debug|Any CPU.ActiveCfg = Debug|Any CPU
		{D6D742B0-3AD9-438C-A6E9-DC743F6FBFE9}.Debug|Any CPU.Build.0 = Debug|Any CPU
		{D6D742B0-3AD9-438C-A6E9-DC743F6FBFE9}.Release|Any CPU.ActiveCfg = Release|Any CPU
		{D6D742B0-3AD9-438C-A6E9-DC743F6FBFE9}.Release|Any CPU.Build.0 = Release|Any CPU
		{9ACF1CA2-C013-4C48-B915-7A96128AC38E}.Debug|Any CPU.ActiveCfg = Debug|Any CPU
		{9ACF1CA2-C013-4C48-B915-7A96128AC38E}.Debug|Any CPU.Build.0 = Debug|Any CPU
		{9ACF1CA2-C013-4C48-B915-7A96128AC38E}.Release|Any CPU.ActiveCfg = Release|Any CPU
		{9ACF1CA2-C013-4C48-B915-7A96128AC38E}.Release|Any CPU.Build.0 = Release|Any CPU
		{79E0EF53-90F5-451C-94DC-4C169288D228}.Debug|Any CPU.ActiveCfg = Debug|Any CPU
		{79E0EF53-90F5-451C-94DC-4C169288D228}.Debug|Any CPU.Build.0 = Debug|Any CPU
		{79E0EF53-90F5-451C-94DC-4C169288D228}.Release|Any CPU.ActiveCfg = Release|Any CPU
		{79E0EF53-90F5-451C-94DC-4C169288D228}.Release|Any CPU.Build.0 = Release|Any CPU
		{E1C763C6-DDD6-40B3-BCBD-9CA6B67CADD7}.Debug|Any CPU.ActiveCfg = Debug|Any CPU
		{E1C763C6-DDD6-40B3-BCBD-9CA6B67CADD7}.Debug|Any CPU.Build.0 = Debug|Any CPU
		{E1C763C6-DDD6-40B3-BCBD-9CA6B67CADD7}.Release|Any CPU.ActiveCfg = Release|Any CPU
		{E1C763C6-DDD6-40B3-BCBD-9CA6B67CADD7}.Release|Any CPU.Build.0 = Release|Any CPU
		{8B813038-C5A0-403E-86ED-D5E0F7C78219}.Debug|Any CPU.ActiveCfg = Debug|Any CPU
		{8B813038-C5A0-403E-86ED-D5E0F7C78219}.Debug|Any CPU.Build.0 = Debug|Any CPU
		{8B813038-C5A0-403E-86ED-D5E0F7C78219}.Release|Any CPU.ActiveCfg = Release|Any CPU
		{8B813038-C5A0-403E-86ED-D5E0F7C78219}.Release|Any CPU.Build.0 = Release|Any CPU
		{6B5412ED-978B-438C-BB53-E027B15C3155}.Debug|Any CPU.ActiveCfg = Debug|Any CPU
		{6B5412ED-978B-438C-BB53-E027B15C3155}.Debug|Any CPU.Build.0 = Debug|Any CPU
		{6B5412ED-978B-438C-BB53-E027B15C3155}.Release|Any CPU.ActiveCfg = Release|Any CPU
		{6B5412ED-978B-438C-BB53-E027B15C3155}.Release|Any CPU.Build.0 = Release|Any CPU
		{652CB8ED-84AA-4C1B-9460-FF163A0C9FC6}.Debug|Any CPU.ActiveCfg = Debug|Any CPU
		{652CB8ED-84AA-4C1B-9460-FF163A0C9FC6}.Debug|Any CPU.Build.0 = Debug|Any CPU
		{652CB8ED-84AA-4C1B-9460-FF163A0C9FC6}.Release|Any CPU.ActiveCfg = Release|Any CPU
		{652CB8ED-84AA-4C1B-9460-FF163A0C9FC6}.Release|Any CPU.Build.0 = Release|Any CPU
		{3F22A679-4971-4FBD-8998-1D8BFABF1307}.Debug|Any CPU.ActiveCfg = Debug|Any CPU
		{3F22A679-4971-4FBD-8998-1D8BFABF1307}.Debug|Any CPU.Build.0 = Debug|Any CPU
		{3F22A679-4971-4FBD-8998-1D8BFABF1307}.Release|Any CPU.ActiveCfg = Release|Any CPU
		{3F22A679-4971-4FBD-8998-1D8BFABF1307}.Release|Any CPU.Build.0 = Release|Any CPU
		{BDD78D51-BCBA-4CD0-B91E-DD90B8703CA4}.Debug|Any CPU.ActiveCfg = Debug|Any CPU
		{BDD78D51-BCBA-4CD0-B91E-DD90B8703CA4}.Debug|Any CPU.Build.0 = Debug|Any CPU
		{BDD78D51-BCBA-4CD0-B91E-DD90B8703CA4}.Release|Any CPU.ActiveCfg = Release|Any CPU
		{BDD78D51-BCBA-4CD0-B91E-DD90B8703CA4}.Release|Any CPU.Build.0 = Release|Any CPU
		{6EE528C0-83D7-402B-9E52-15ADA09ADA7A}.Debug|Any CPU.ActiveCfg = Debug|Any CPU
		{6EE528C0-83D7-402B-9E52-15ADA09ADA7A}.Debug|Any CPU.Build.0 = Debug|Any CPU
		{6EE528C0-83D7-402B-9E52-15ADA09ADA7A}.Release|Any CPU.ActiveCfg = Release|Any CPU
		{6EE528C0-83D7-402B-9E52-15ADA09ADA7A}.Release|Any CPU.Build.0 = Release|Any CPU
		{43CF5676-1618-4327-BDB5-E6264ED1721D}.Debug|Any CPU.ActiveCfg = Debug|Any CPU
		{43CF5676-1618-4327-BDB5-E6264ED1721D}.Debug|Any CPU.Build.0 = Debug|Any CPU
		{43CF5676-1618-4327-BDB5-E6264ED1721D}.Release|Any CPU.ActiveCfg = Release|Any CPU
		{43CF5676-1618-4327-BDB5-E6264ED1721D}.Release|Any CPU.Build.0 = Release|Any CPU
		{10780589-A5A5-4771-8247-946B2607A50A}.Debug|Any CPU.ActiveCfg = Debug|Any CPU
		{10780589-A5A5-4771-8247-946B2607A50A}.Debug|Any CPU.Build.0 = Debug|Any CPU
		{10780589-A5A5-4771-8247-946B2607A50A}.Release|Any CPU.ActiveCfg = Release|Any CPU
		{10780589-A5A5-4771-8247-946B2607A50A}.Release|Any CPU.Build.0 = Release|Any CPU
		{DDDF1305-A498-4175-8225-88C8EC7D9B90}.Debug|Any CPU.ActiveCfg = Debug|Any CPU
		{DDDF1305-A498-4175-8225-88C8EC7D9B90}.Debug|Any CPU.Build.0 = Debug|Any CPU
		{DDDF1305-A498-4175-8225-88C8EC7D9B90}.Release|Any CPU.ActiveCfg = Release|Any CPU
		{DDDF1305-A498-4175-8225-88C8EC7D9B90}.Release|Any CPU.Build.0 = Release|Any CPU
		{EBF9C3E6-2FDF-4D67-A5DE-C1F7090A0865}.Debug|Any CPU.ActiveCfg = Debug|Any CPU
		{EBF9C3E6-2FDF-4D67-A5DE-C1F7090A0865}.Debug|Any CPU.Build.0 = Debug|Any CPU
		{EBF9C3E6-2FDF-4D67-A5DE-C1F7090A0865}.Release|Any CPU.ActiveCfg = Release|Any CPU
		{EBF9C3E6-2FDF-4D67-A5DE-C1F7090A0865}.Release|Any CPU.Build.0 = Release|Any CPU
		{E010D2CF-196B-4860-8203-56EC4CDA8CA3}.Debug|Any CPU.ActiveCfg = Debug|Any CPU
		{E010D2CF-196B-4860-8203-56EC4CDA8CA3}.Debug|Any CPU.Build.0 = Debug|Any CPU
		{E010D2CF-196B-4860-8203-56EC4CDA8CA3}.Release|Any CPU.ActiveCfg = Release|Any CPU
		{E010D2CF-196B-4860-8203-56EC4CDA8CA3}.Release|Any CPU.Build.0 = Release|Any CPU
		{EF856C51-F399-48F6-88E4-826CD1CCF5AF}.Debug|Any CPU.ActiveCfg = Debug|Any CPU
		{EF856C51-F399-48F6-88E4-826CD1CCF5AF}.Debug|Any CPU.Build.0 = Debug|Any CPU
		{EF856C51-F399-48F6-88E4-826CD1CCF5AF}.Release|Any CPU.ActiveCfg = Release|Any CPU
		{EF856C51-F399-48F6-88E4-826CD1CCF5AF}.Release|Any CPU.Build.0 = Release|Any CPU
		{D2FE8663-58DE-4B20-92D0-951CD77419C8}.Debug|Any CPU.ActiveCfg = Debug|Any CPU
		{D2FE8663-58DE-4B20-92D0-951CD77419C8}.Debug|Any CPU.Build.0 = Debug|Any CPU
		{D2FE8663-58DE-4B20-92D0-951CD77419C8}.Release|Any CPU.ActiveCfg = Release|Any CPU
		{D2FE8663-58DE-4B20-92D0-951CD77419C8}.Release|Any CPU.Build.0 = Release|Any CPU
		{866A13C3-B560-4A8D-BB30-CC66B33895B6}.Debug|Any CPU.ActiveCfg = Debug|Any CPU
		{866A13C3-B560-4A8D-BB30-CC66B33895B6}.Debug|Any CPU.Build.0 = Debug|Any CPU
		{866A13C3-B560-4A8D-BB30-CC66B33895B6}.Release|Any CPU.ActiveCfg = Release|Any CPU
		{866A13C3-B560-4A8D-BB30-CC66B33895B6}.Release|Any CPU.Build.0 = Release|Any CPU
		{A018E5A3-DEB3-4EE2-A934-4B5D16C12F24}.Debug|Any CPU.ActiveCfg = Debug|Any CPU
		{A018E5A3-DEB3-4EE2-A934-4B5D16C12F24}.Debug|Any CPU.Build.0 = Debug|Any CPU
		{A018E5A3-DEB3-4EE2-A934-4B5D16C12F24}.Release|Any CPU.ActiveCfg = Release|Any CPU
		{A018E5A3-DEB3-4EE2-A934-4B5D16C12F24}.Release|Any CPU.Build.0 = Release|Any CPU
		{49686D23-E404-4408-91FC-26FF1FB92AAC}.Debug|Any CPU.ActiveCfg = Debug|Any CPU
		{49686D23-E404-4408-91FC-26FF1FB92AAC}.Debug|Any CPU.Build.0 = Debug|Any CPU
		{49686D23-E404-4408-91FC-26FF1FB92AAC}.Release|Any CPU.ActiveCfg = Release|Any CPU
		{49686D23-E404-4408-91FC-26FF1FB92AAC}.Release|Any CPU.Build.0 = Release|Any CPU
		{96356315-1A6E-489C-9C34-82BDFB3AA5EA}.Debug|Any CPU.ActiveCfg = Debug|Any CPU
		{96356315-1A6E-489C-9C34-82BDFB3AA5EA}.Debug|Any CPU.Build.0 = Debug|Any CPU
		{96356315-1A6E-489C-9C34-82BDFB3AA5EA}.Release|Any CPU.ActiveCfg = Release|Any CPU
		{96356315-1A6E-489C-9C34-82BDFB3AA5EA}.Release|Any CPU.Build.0 = Release|Any CPU
		{11F892E4-4F8F-4751-88E0-E6849BB89D3A}.Debug|Any CPU.ActiveCfg = Debug|Any CPU
		{11F892E4-4F8F-4751-88E0-E6849BB89D3A}.Debug|Any CPU.Build.0 = Debug|Any CPU
		{11F892E4-4F8F-4751-88E0-E6849BB89D3A}.Release|Any CPU.ActiveCfg = Release|Any CPU
		{11F892E4-4F8F-4751-88E0-E6849BB89D3A}.Release|Any CPU.Build.0 = Release|Any CPU
		{6FDCA632-71F6-4CDC-A3AA-5EE722473B13}.Debug|Any CPU.ActiveCfg = Debug|Any CPU
		{6FDCA632-71F6-4CDC-A3AA-5EE722473B13}.Debug|Any CPU.Build.0 = Debug|Any CPU
		{6FDCA632-71F6-4CDC-A3AA-5EE722473B13}.Release|Any CPU.ActiveCfg = Release|Any CPU
		{6FDCA632-71F6-4CDC-A3AA-5EE722473B13}.Release|Any CPU.Build.0 = Release|Any CPU
		{DF89197E-3001-4DFB-B575-8B7097EF2D69}.Debug|Any CPU.ActiveCfg = Debug|Any CPU
		{DF89197E-3001-4DFB-B575-8B7097EF2D69}.Debug|Any CPU.Build.0 = Debug|Any CPU
		{DF89197E-3001-4DFB-B575-8B7097EF2D69}.Release|Any CPU.ActiveCfg = Release|Any CPU
		{DF89197E-3001-4DFB-B575-8B7097EF2D69}.Release|Any CPU.Build.0 = Release|Any CPU
		{B37E5953-527D-4779-80CC-1E426BE59422}.Debug|Any CPU.ActiveCfg = Debug|Any CPU
		{B37E5953-527D-4779-80CC-1E426BE59422}.Debug|Any CPU.Build.0 = Debug|Any CPU
		{B37E5953-527D-4779-80CC-1E426BE59422}.Release|Any CPU.ActiveCfg = Release|Any CPU
		{B37E5953-527D-4779-80CC-1E426BE59422}.Release|Any CPU.Build.0 = Release|Any CPU
	EndGlobalSection
EndGlobal
